// !$*UTF8*$!
{
	archiveVersion = 1;
	classes = {
	};
	objectVersion = 56;
	objects = {

/* Begin PBXBuildFile section */
		E7BC413C291970390099C2D1 /* Assets.xcassets in Resources */ = {isa = PBXBuildFile; fileRef = E7BC413B291970390099C2D1 /* Assets.xcassets */; };
		E7BC413F291970390099C2D1 /* Preview Assets.xcassets in Resources */ = {isa = PBXBuildFile; fileRef = E7BC413E291970390099C2D1 /* Preview Assets.xcassets */; };
		E7BC414A291970390099C2D1 /* SchriftsetzerTests.swift in Sources */ = {isa = PBXBuildFile; fileRef = E7BC4149291970390099C2D1 /* SchriftsetzerTests.swift */; };
		E7BC4154291970390099C2D1 /* SchriftsetzerUITests.swift in Sources */ = {isa = PBXBuildFile; fileRef = E7BC4153291970390099C2D1 /* SchriftsetzerUITests.swift */; };
		E7BC4156291970390099C2D1 /* SchriftsetzerUITestsLaunchTests.swift in Sources */ = {isa = PBXBuildFile; fileRef = E7BC4155291970390099C2D1 /* SchriftsetzerUITestsLaunchTests.swift */; };
		E7BC4163291970D20099C2D1 /* AppDelegate.swift in Sources */ = {isa = PBXBuildFile; fileRef = E7BC4162291970D20099C2D1 /* AppDelegate.swift */; };
		E7BC4165291971390099C2D1 /* SchriftsetzerInputController.swift in Sources */ = {isa = PBXBuildFile; fileRef = E7BC4164291971390099C2D1 /* SchriftsetzerInputController.swift */; };
		E7F667272920FF6600401F71 /* InfoPlist.strings in Resources */ = {isa = PBXBuildFile; fileRef = E7F667262920FF6600401F71 /* InfoPlist.strings */; };
		E7FA607D291C0A4A00D8255B /* IMIcon.tiff in Resources */ = {isa = PBXBuildFile; fileRef = E7FA607C291C0A4A00D8255B /* IMIcon.tiff */; };
/* End PBXBuildFile section */

/* Begin PBXContainerItemProxy section */
		E7BC4146291970390099C2D1 /* PBXContainerItemProxy */ = {
			isa = PBXContainerItemProxy;
			containerPortal = E7BC412C291970370099C2D1 /* Project object */;
			proxyType = 1;
			remoteGlobalIDString = E7BC4133291970370099C2D1;
			remoteInfo = Schriftsetzer;
		};
		E7BC4150291970390099C2D1 /* PBXContainerItemProxy */ = {
			isa = PBXContainerItemProxy;
			containerPortal = E7BC412C291970370099C2D1 /* Project object */;
			proxyType = 1;
			remoteGlobalIDString = E7BC4133291970370099C2D1;
			remoteInfo = Schriftsetzer;
		};
/* End PBXContainerItemProxy section */

/* Begin PBXFileReference section */
		E7BC4134291970370099C2D1 /* Schriftsetzer.app */ = {isa = PBXFileReference; explicitFileType = wrapper.application; includeInIndex = 0; path = Schriftsetzer.app; sourceTree = BUILT_PRODUCTS_DIR; };
		E7BC413B291970390099C2D1 /* Assets.xcassets */ = {isa = PBXFileReference; lastKnownFileType = folder.assetcatalog; path = Assets.xcassets; sourceTree = "<group>"; };
		E7BC413E291970390099C2D1 /* Preview Assets.xcassets */ = {isa = PBXFileReference; lastKnownFileType = folder.assetcatalog; path = "Preview Assets.xcassets"; sourceTree = "<group>"; };
		E7BC4140291970390099C2D1 /* Schriftsetzer.entitlements */ = {isa = PBXFileReference; lastKnownFileType = text.plist.entitlements; path = Schriftsetzer.entitlements; sourceTree = "<group>"; };
		E7BC4145291970390099C2D1 /* SchriftsetzerTests.xctest */ = {isa = PBXFileReference; explicitFileType = wrapper.cfbundle; includeInIndex = 0; path = SchriftsetzerTests.xctest; sourceTree = BUILT_PRODUCTS_DIR; };
		E7BC4149291970390099C2D1 /* SchriftsetzerTests.swift */ = {isa = PBXFileReference; lastKnownFileType = sourcecode.swift; path = SchriftsetzerTests.swift; sourceTree = "<group>"; };
		E7BC414F291970390099C2D1 /* SchriftsetzerUITests.xctest */ = {isa = PBXFileReference; explicitFileType = wrapper.cfbundle; includeInIndex = 0; path = SchriftsetzerUITests.xctest; sourceTree = BUILT_PRODUCTS_DIR; };
		E7BC4153291970390099C2D1 /* SchriftsetzerUITests.swift */ = {isa = PBXFileReference; lastKnownFileType = sourcecode.swift; path = SchriftsetzerUITests.swift; sourceTree = "<group>"; };
		E7BC4155291970390099C2D1 /* SchriftsetzerUITestsLaunchTests.swift */ = {isa = PBXFileReference; lastKnownFileType = sourcecode.swift; path = SchriftsetzerUITestsLaunchTests.swift; sourceTree = "<group>"; };
		E7BC4162291970D20099C2D1 /* AppDelegate.swift */ = {isa = PBXFileReference; lastKnownFileType = sourcecode.swift; path = AppDelegate.swift; sourceTree = "<group>"; };
		E7BC4164291971390099C2D1 /* SchriftsetzerInputController.swift */ = {isa = PBXFileReference; lastKnownFileType = sourcecode.swift; path = SchriftsetzerInputController.swift; sourceTree = "<group>"; };
		E7F667262920FF6600401F71 /* InfoPlist.strings */ = {isa = PBXFileReference; lastKnownFileType = text.plist.strings; path = InfoPlist.strings; sourceTree = "<group>"; };
		E7FA607C291C0A4A00D8255B /* IMIcon.tiff */ = {isa = PBXFileReference; lastKnownFileType = image.tiff; path = IMIcon.tiff; sourceTree = "<group>"; };
		E7FA607E291C2FF600D8255B /* Info.plist */ = {isa = PBXFileReference; lastKnownFileType = text.plist.xml; path = Info.plist; sourceTree = "<group>"; };
/* End PBXFileReference section */

/* Begin PBXFrameworksBuildPhase section */
		E7BC4131291970370099C2D1 /* Frameworks */ = {
			isa = PBXFrameworksBuildPhase;
			buildActionMask = 2147483647;
			files = (
			);
			runOnlyForDeploymentPostprocessing = 0;
		};
		E7BC4142291970390099C2D1 /* Frameworks */ = {
			isa = PBXFrameworksBuildPhase;
			buildActionMask = 2147483647;
			files = (
			);
			runOnlyForDeploymentPostprocessing = 0;
		};
		E7BC414C291970390099C2D1 /* Frameworks */ = {
			isa = PBXFrameworksBuildPhase;
			buildActionMask = 2147483647;
			files = (
			);
			runOnlyForDeploymentPostprocessing = 0;
		};
/* End PBXFrameworksBuildPhase section */

/* Begin PBXGroup section */
		E7BC412B291970370099C2D1 = {
			isa = PBXGroup;
			children = (
				E7BC4136291970370099C2D1 /* Schriftsetzer */,
				E7BC4148291970390099C2D1 /* SchriftsetzerTests */,
				E7BC4152291970390099C2D1 /* SchriftsetzerUITests */,
				E7BC4135291970370099C2D1 /* Products */,
			);
			sourceTree = "<group>";
		};
		E7BC4135291970370099C2D1 /* Products */ = {
			isa = PBXGroup;
			children = (
				E7BC4134291970370099C2D1 /* Schriftsetzer.app */,
				E7BC4145291970390099C2D1 /* SchriftsetzerTests.xctest */,
				E7BC414F291970390099C2D1 /* SchriftsetzerUITests.xctest */,
			);
			name = Products;
			sourceTree = "<group>";
		};
		E7BC4136291970370099C2D1 /* Schriftsetzer */ = {
			isa = PBXGroup;
			children = (
				E7FA607E291C2FF600D8255B /* Info.plist */,
				E7FA607C291C0A4A00D8255B /* IMIcon.tiff */,
				E7BC4164291971390099C2D1 /* SchriftsetzerInputController.swift */,
				E7BC4162291970D20099C2D1 /* AppDelegate.swift */,
				E7BC413B291970390099C2D1 /* Assets.xcassets */,
				E7BC4140291970390099C2D1 /* Schriftsetzer.entitlements */,
				E7BC413D291970390099C2D1 /* Preview Content */,
				E7F667262920FF6600401F71 /* InfoPlist.strings */,
			);
			path = Schriftsetzer;
			sourceTree = "<group>";
		};
		E7BC413D291970390099C2D1 /* Preview Content */ = {
			isa = PBXGroup;
			children = (
				E7BC413E291970390099C2D1 /* Preview Assets.xcassets */,
			);
			path = "Preview Content";
			sourceTree = "<group>";
		};
		E7BC4148291970390099C2D1 /* SchriftsetzerTests */ = {
			isa = PBXGroup;
			children = (
				E7BC4149291970390099C2D1 /* SchriftsetzerTests.swift */,
			);
			path = SchriftsetzerTests;
			sourceTree = "<group>";
		};
		E7BC4152291970390099C2D1 /* SchriftsetzerUITests */ = {
			isa = PBXGroup;
			children = (
				E7BC4153291970390099C2D1 /* SchriftsetzerUITests.swift */,
				E7BC4155291970390099C2D1 /* SchriftsetzerUITestsLaunchTests.swift */,
			);
			path = SchriftsetzerUITests;
			sourceTree = "<group>";
		};
/* End PBXGroup section */

/* Begin PBXNativeTarget section */
		E7BC4133291970370099C2D1 /* Schriftsetzer */ = {
			isa = PBXNativeTarget;
			buildConfigurationList = E7BC4159291970390099C2D1 /* Build configuration list for PBXNativeTarget "Schriftsetzer" */;
			buildPhases = (
				E7BC4130291970370099C2D1 /* Sources */,
				E7BC4131291970370099C2D1 /* Frameworks */,
				E7BC4132291970370099C2D1 /* Resources */,
			);
			buildRules = (
			);
			dependencies = (
			);
			name = Schriftsetzer;
			productName = Schriftsetzer;
			productReference = E7BC4134291970370099C2D1 /* Schriftsetzer.app */;
			productType = "com.apple.product-type.application";
		};
		E7BC4144291970390099C2D1 /* SchriftsetzerTests */ = {
			isa = PBXNativeTarget;
			buildConfigurationList = E7BC415C291970390099C2D1 /* Build configuration list for PBXNativeTarget "SchriftsetzerTests" */;
			buildPhases = (
				E7BC4141291970390099C2D1 /* Sources */,
				E7BC4142291970390099C2D1 /* Frameworks */,
				E7BC4143291970390099C2D1 /* Resources */,
			);
			buildRules = (
			);
			dependencies = (
				E7BC4147291970390099C2D1 /* PBXTargetDependency */,
			);
			name = SchriftsetzerTests;
			productName = SchriftsetzerTests;
			productReference = E7BC4145291970390099C2D1 /* SchriftsetzerTests.xctest */;
			productType = "com.apple.product-type.bundle.unit-test";
		};
		E7BC414E291970390099C2D1 /* SchriftsetzerUITests */ = {
			isa = PBXNativeTarget;
			buildConfigurationList = E7BC415F291970390099C2D1 /* Build configuration list for PBXNativeTarget "SchriftsetzerUITests" */;
			buildPhases = (
				E7BC414B291970390099C2D1 /* Sources */,
				E7BC414C291970390099C2D1 /* Frameworks */,
				E7BC414D291970390099C2D1 /* Resources */,
			);
			buildRules = (
			);
			dependencies = (
				E7BC4151291970390099C2D1 /* PBXTargetDependency */,
			);
			name = SchriftsetzerUITests;
			productName = SchriftsetzerUITests;
			productReference = E7BC414F291970390099C2D1 /* SchriftsetzerUITests.xctest */;
			productType = "com.apple.product-type.bundle.ui-testing";
		};
/* End PBXNativeTarget section */

/* Begin PBXProject section */
		E7BC412C291970370099C2D1 /* Project object */ = {
			isa = PBXProject;
			attributes = {
				BuildIndependentTargetsInParallel = 1;
				LastSwiftUpdateCheck = 1410;
				LastUpgradeCheck = 1410;
				TargetAttributes = {
					E7BC4133291970370099C2D1 = {
						CreatedOnToolsVersion = 14.1;
						LastSwiftMigration = 1410;
					};
					E7BC4144291970390099C2D1 = {
						CreatedOnToolsVersion = 14.1;
						TestTargetID = E7BC4133291970370099C2D1;
					};
					E7BC414E291970390099C2D1 = {
						CreatedOnToolsVersion = 14.1;
						TestTargetID = E7BC4133291970370099C2D1;
					};
				};
			};
			buildConfigurationList = E7BC412F291970370099C2D1 /* Build configuration list for PBXProject "Schriftsetzer" */;
			compatibilityVersion = "Xcode 14.0";
			developmentRegion = en;
			hasScannedForEncodings = 0;
			knownRegions = (
				en,
				Base,
			);
			mainGroup = E7BC412B291970370099C2D1;
			productRefGroup = E7BC4135291970370099C2D1 /* Products */;
			projectDirPath = "";
			projectRoot = "";
			targets = (
				E7BC4133291970370099C2D1 /* Schriftsetzer */,
				E7BC4144291970390099C2D1 /* SchriftsetzerTests */,
				E7BC414E291970390099C2D1 /* SchriftsetzerUITests */,
			);
		};
/* End PBXProject section */

/* Begin PBXResourcesBuildPhase section */
		E7BC4132291970370099C2D1 /* Resources */ = {
			isa = PBXResourcesBuildPhase;
			buildActionMask = 2147483647;
			files = (
				E7BC413F291970390099C2D1 /* Preview Assets.xcassets in Resources */,
				E7F667272920FF6600401F71 /* InfoPlist.strings in Resources */,
				E7FA607D291C0A4A00D8255B /* IMIcon.tiff in Resources */,
				E7BC413C291970390099C2D1 /* Assets.xcassets in Resources */,
			);
			runOnlyForDeploymentPostprocessing = 0;
		};
		E7BC4143291970390099C2D1 /* Resources */ = {
			isa = PBXResourcesBuildPhase;
			buildActionMask = 2147483647;
			files = (
			);
			runOnlyForDeploymentPostprocessing = 0;
		};
		E7BC414D291970390099C2D1 /* Resources */ = {
			isa = PBXResourcesBuildPhase;
			buildActionMask = 2147483647;
			files = (
			);
			runOnlyForDeploymentPostprocessing = 0;
		};
/* End PBXResourcesBuildPhase section */

/* Begin PBXSourcesBuildPhase section */
		E7BC4130291970370099C2D1 /* Sources */ = {
			isa = PBXSourcesBuildPhase;
			buildActionMask = 2147483647;
			files = (
				E7BC4163291970D20099C2D1 /* AppDelegate.swift in Sources */,
				E7BC4165291971390099C2D1 /* SchriftsetzerInputController.swift in Sources */,
			);
			runOnlyForDeploymentPostprocessing = 0;
		};
		E7BC4141291970390099C2D1 /* Sources */ = {
			isa = PBXSourcesBuildPhase;
			buildActionMask = 2147483647;
			files = (
				E7BC414A291970390099C2D1 /* SchriftsetzerTests.swift in Sources */,
			);
			runOnlyForDeploymentPostprocessing = 0;
		};
		E7BC414B291970390099C2D1 /* Sources */ = {
			isa = PBXSourcesBuildPhase;
			buildActionMask = 2147483647;
			files = (
				E7BC4154291970390099C2D1 /* SchriftsetzerUITests.swift in Sources */,
				E7BC4156291970390099C2D1 /* SchriftsetzerUITestsLaunchTests.swift in Sources */,
			);
			runOnlyForDeploymentPostprocessing = 0;
		};
/* End PBXSourcesBuildPhase section */

/* Begin PBXTargetDependency section */
		E7BC4147291970390099C2D1 /* PBXTargetDependency */ = {
			isa = PBXTargetDependency;
			target = E7BC4133291970370099C2D1 /* Schriftsetzer */;
			targetProxy = E7BC4146291970390099C2D1 /* PBXContainerItemProxy */;
		};
		E7BC4151291970390099C2D1 /* PBXTargetDependency */ = {
			isa = PBXTargetDependency;
			target = E7BC4133291970370099C2D1 /* Schriftsetzer */;
			targetProxy = E7BC4150291970390099C2D1 /* PBXContainerItemProxy */;
		};
/* End PBXTargetDependency section */

/* Begin XCBuildConfiguration section */
		E7BC4157291970390099C2D1 /* Debug */ = {
			isa = XCBuildConfiguration;
			buildSettings = {
				ALWAYS_SEARCH_USER_PATHS = NO;
				CLANG_ANALYZER_NONNULL = YES;
				CLANG_ANALYZER_NUMBER_OBJECT_CONVERSION = YES_AGGRESSIVE;
				CLANG_CXX_LANGUAGE_STANDARD = "gnu++20";
				CLANG_ENABLE_MODULES = YES;
				CLANG_ENABLE_OBJC_ARC = YES;
				CLANG_ENABLE_OBJC_WEAK = YES;
				CLANG_WARN_BLOCK_CAPTURE_AUTORELEASING = YES;
				CLANG_WARN_BOOL_CONVERSION = YES;
				CLANG_WARN_COMMA = YES;
				CLANG_WARN_CONSTANT_CONVERSION = YES;
				CLANG_WARN_DEPRECATED_OBJC_IMPLEMENTATIONS = YES;
				CLANG_WARN_DIRECT_OBJC_ISA_USAGE = YES_ERROR;
				CLANG_WARN_DOCUMENTATION_COMMENTS = YES;
				CLANG_WARN_EMPTY_BODY = YES;
				CLANG_WARN_ENUM_CONVERSION = YES;
				CLANG_WARN_INFINITE_RECURSION = YES;
				CLANG_WARN_INT_CONVERSION = YES;
				CLANG_WARN_NON_LITERAL_NULL_CONVERSION = YES;
				CLANG_WARN_OBJC_IMPLICIT_RETAIN_SELF = YES;
				CLANG_WARN_OBJC_LITERAL_CONVERSION = YES;
				CLANG_WARN_OBJC_ROOT_CLASS = YES_ERROR;
				CLANG_WARN_QUOTED_INCLUDE_IN_FRAMEWORK_HEADER = YES;
				CLANG_WARN_RANGE_LOOP_ANALYSIS = YES;
				CLANG_WARN_STRICT_PROTOTYPES = YES;
				CLANG_WARN_SUSPICIOUS_MOVE = YES;
				CLANG_WARN_UNGUARDED_AVAILABILITY = YES_AGGRESSIVE;
				CLANG_WARN_UNREACHABLE_CODE = YES;
				CLANG_WARN__DUPLICATE_METHOD_MATCH = YES;
				COPY_PHASE_STRIP = NO;
				DEBUG_INFORMATION_FORMAT = dwarf;
				ENABLE_STRICT_OBJC_MSGSEND = YES;
				ENABLE_TESTABILITY = YES;
				GCC_C_LANGUAGE_STANDARD = gnu11;
				GCC_DYNAMIC_NO_PIC = NO;
				GCC_NO_COMMON_BLOCKS = YES;
				GCC_OPTIMIZATION_LEVEL = 0;
				GCC_PREPROCESSOR_DEFINITIONS = (
					"DEBUG=1",
					"$(inherited)",
				);
				GCC_WARN_64_TO_32_BIT_CONVERSION = YES;
				GCC_WARN_ABOUT_RETURN_TYPE = YES_ERROR;
				GCC_WARN_UNDECLARED_SELECTOR = YES;
				GCC_WARN_UNINITIALIZED_AUTOS = YES_AGGRESSIVE;
				GCC_WARN_UNUSED_FUNCTION = YES;
				GCC_WARN_UNUSED_VARIABLE = YES;
				MACOSX_DEPLOYMENT_TARGET = 12.6;
				MTL_ENABLE_DEBUG_INFO = INCLUDE_SOURCE;
				MTL_FAST_MATH = YES;
				ONLY_ACTIVE_ARCH = YES;
				SDKROOT = macosx;
				SWIFT_ACTIVE_COMPILATION_CONDITIONS = DEBUG;
				SWIFT_OPTIMIZATION_LEVEL = "-Onone";
			};
			name = Debug;
		};
		E7BC4158291970390099C2D1 /* Release */ = {
			isa = XCBuildConfiguration;
			buildSettings = {
				ALWAYS_SEARCH_USER_PATHS = NO;
				CLANG_ANALYZER_NONNULL = YES;
				CLANG_ANALYZER_NUMBER_OBJECT_CONVERSION = YES_AGGRESSIVE;
				CLANG_CXX_LANGUAGE_STANDARD = "gnu++20";
				CLANG_ENABLE_MODULES = YES;
				CLANG_ENABLE_OBJC_ARC = YES;
				CLANG_ENABLE_OBJC_WEAK = YES;
				CLANG_WARN_BLOCK_CAPTURE_AUTORELEASING = YES;
				CLANG_WARN_BOOL_CONVERSION = YES;
				CLANG_WARN_COMMA = YES;
				CLANG_WARN_CONSTANT_CONVERSION = YES;
				CLANG_WARN_DEPRECATED_OBJC_IMPLEMENTATIONS = YES;
				CLANG_WARN_DIRECT_OBJC_ISA_USAGE = YES_ERROR;
				CLANG_WARN_DOCUMENTATION_COMMENTS = YES;
				CLANG_WARN_EMPTY_BODY = YES;
				CLANG_WARN_ENUM_CONVERSION = YES;
				CLANG_WARN_INFINITE_RECURSION = YES;
				CLANG_WARN_INT_CONVERSION = YES;
				CLANG_WARN_NON_LITERAL_NULL_CONVERSION = YES;
				CLANG_WARN_OBJC_IMPLICIT_RETAIN_SELF = YES;
				CLANG_WARN_OBJC_LITERAL_CONVERSION = YES;
				CLANG_WARN_OBJC_ROOT_CLASS = YES_ERROR;
				CLANG_WARN_QUOTED_INCLUDE_IN_FRAMEWORK_HEADER = YES;
				CLANG_WARN_RANGE_LOOP_ANALYSIS = YES;
				CLANG_WARN_STRICT_PROTOTYPES = YES;
				CLANG_WARN_SUSPICIOUS_MOVE = YES;
				CLANG_WARN_UNGUARDED_AVAILABILITY = YES_AGGRESSIVE;
				CLANG_WARN_UNREACHABLE_CODE = YES;
				CLANG_WARN__DUPLICATE_METHOD_MATCH = YES;
				COPY_PHASE_STRIP = NO;
				DEBUG_INFORMATION_FORMAT = "dwarf-with-dsym";
				ENABLE_NS_ASSERTIONS = NO;
				ENABLE_STRICT_OBJC_MSGSEND = YES;
				GCC_C_LANGUAGE_STANDARD = gnu11;
				GCC_NO_COMMON_BLOCKS = YES;
				GCC_WARN_64_TO_32_BIT_CONVERSION = YES;
				GCC_WARN_ABOUT_RETURN_TYPE = YES_ERROR;
				GCC_WARN_UNDECLARED_SELECTOR = YES;
				GCC_WARN_UNINITIALIZED_AUTOS = YES_AGGRESSIVE;
				GCC_WARN_UNUSED_FUNCTION = YES;
				GCC_WARN_UNUSED_VARIABLE = YES;
				MACOSX_DEPLOYMENT_TARGET = 12.6;
				MTL_ENABLE_DEBUG_INFO = NO;
				MTL_FAST_MATH = YES;
				SDKROOT = macosx;
				SWIFT_COMPILATION_MODE = wholemodule;
				SWIFT_OPTIMIZATION_LEVEL = "-O";
			};
			name = Release;
		};
		E7BC415A291970390099C2D1 /* Debug */ = {
			isa = XCBuildConfiguration;
			buildSettings = {
				ASSETCATALOG_COMPILER_APPICON_NAME = AppIcon;
				ASSETCATALOG_COMPILER_GLOBAL_ACCENT_COLOR_NAME = AccentColor;
				CLANG_ENABLE_MODULES = YES;
				CODE_SIGN_ENTITLEMENTS = Schriftsetzer/Schriftsetzer.entitlements;
				CODE_SIGN_STYLE = Automatic;
				COMBINE_HIDPI_IMAGES = YES;
				CURRENT_PROJECT_VERSION = 1;
				DEVELOPMENT_ASSET_PATHS = "\"Schriftsetzer/Preview Content\"";
				ENABLE_PREVIEWS = YES;
				GENERATE_INFOPLIST_FILE = YES;
				INFOPLIST_FILE = Schriftsetzer/Info.plist;
				INFOPLIST_KEY_LSApplicationCategoryType = "public.app-category.utilities";
				INFOPLIST_KEY_NSHumanReadableCopyright = "";
				LD_RUNPATH_SEARCH_PATHS = (
					"$(inherited)",
					"@executable_path/../Frameworks",
				);
				MARKETING_VERSION = 1.0;
				PRODUCT_BUNDLE_IDENTIFIER = jp.invitro.inputmethod.Schriftsetzer;
				PRODUCT_NAME = "$(TARGET_NAME)";
				SWIFT_EMIT_LOC_STRINGS = YES;
				SWIFT_OPTIMIZATION_LEVEL = "-Onone";
				SWIFT_VERSION = 5.0;
			};
			name = Debug;
		};
		E7BC415B291970390099C2D1 /* Release */ = {
			isa = XCBuildConfiguration;
			buildSettings = {
				ASSETCATALOG_COMPILER_APPICON_NAME = AppIcon;
				ASSETCATALOG_COMPILER_GLOBAL_ACCENT_COLOR_NAME = AccentColor;
				CLANG_ENABLE_MODULES = YES;
				CODE_SIGN_ENTITLEMENTS = Schriftsetzer/Schriftsetzer.entitlements;
				CODE_SIGN_STYLE = Automatic;
				COMBINE_HIDPI_IMAGES = YES;
				CURRENT_PROJECT_VERSION = 1;
				DEVELOPMENT_ASSET_PATHS = "\"Schriftsetzer/Preview Content\"";
				ENABLE_PREVIEWS = YES;
				GENERATE_INFOPLIST_FILE = YES;
				INFOPLIST_FILE = Schriftsetzer/Info.plist;
				INFOPLIST_KEY_LSApplicationCategoryType = "public.app-category.utilities";
				INFOPLIST_KEY_NSHumanReadableCopyright = "";
				LD_RUNPATH_SEARCH_PATHS = (
					"$(inherited)",
					"@executable_path/../Frameworks",
				);
				MARKETING_VERSION = 1.0;
				PRODUCT_BUNDLE_IDENTIFIER = jp.invitro.inputmethod.Schriftsetzer;
				PRODUCT_NAME = "$(TARGET_NAME)";
				SWIFT_EMIT_LOC_STRINGS = YES;
				SWIFT_VERSION = 5.0;
			};
			name = Release;
		};
		E7BC415D291970390099C2D1 /* Debug */ = {
			isa = XCBuildConfiguration;
			buildSettings = {
				ALWAYS_EMBED_SWIFT_STANDARD_LIBRARIES = YES;
				BUNDLE_LOADER = "$(TEST_HOST)";
				CODE_SIGN_STYLE = Automatic;
				CURRENT_PROJECT_VERSION = 1;
				GENERATE_INFOPLIST_FILE = YES;
				MACOSX_DEPLOYMENT_TARGET = 12.6;
				MARKETING_VERSION = 1.0;
				PRODUCT_BUNDLE_IDENTIFIER = jp.invitro.SchriftsetzerTests;
				PRODUCT_NAME = "$(TARGET_NAME)";
				SWIFT_EMIT_LOC_STRINGS = NO;
				SWIFT_VERSION = 5.0;
				TEST_HOST = "$(BUILT_PRODUCTS_DIR)/Schriftsetzer.app/$(BUNDLE_EXECUTABLE_FOLDER_PATH)/Schriftsetzer";
			};
			name = Debug;
		};
		E7BC415E291970390099C2D1 /* Release */ = {
			isa = XCBuildConfiguration;
			buildSettings = {
				ALWAYS_EMBED_SWIFT_STANDARD_LIBRARIES = YES;
				BUNDLE_LOADER = "$(TEST_HOST)";
				CODE_SIGN_STYLE = Automatic;
				CURRENT_PROJECT_VERSION = 1;
				GENERATE_INFOPLIST_FILE = YES;
				MACOSX_DEPLOYMENT_TARGET = 12.6;
				MARKETING_VERSION = 1.0;
				PRODUCT_BUNDLE_IDENTIFIER = jp.invitro.SchriftsetzerTests;
				PRODUCT_NAME = "$(TARGET_NAME)";
				SWIFT_EMIT_LOC_STRINGS = NO;
				SWIFT_VERSION = 5.0;
				TEST_HOST = "$(BUILT_PRODUCTS_DIR)/Schriftsetzer.app/$(BUNDLE_EXECUTABLE_FOLDER_PATH)/Schriftsetzer";
			};
			name = Release;
		};
		E7BC4160291970390099C2D1 /* Debug */ = {
			isa = XCBuildConfiguration;
			buildSettings = {
				ALWAYS_EMBED_SWIFT_STANDARD_LIBRARIES = YES;
				CODE_SIGN_STYLE = Automatic;
				CURRENT_PROJECT_VERSION = 1;
				GENERATE_INFOPLIST_FILE = YES;
				MARKETING_VERSION = 1.0;
				PRODUCT_BUNDLE_IDENTIFIER = jp.invitro.SchriftsetzerUITests;
				PRODUCT_NAME = "$(TARGET_NAME)";
				SWIFT_EMIT_LOC_STRINGS = NO;
				SWIFT_VERSION = 5.0;
				TEST_TARGET_NAME = Schriftsetzer;
			};
			name = Debug;
		};
		E7BC4161291970390099C2D1 /* Release */ = {
			isa = XCBuildConfiguration;
			buildSettings = {
				ALWAYS_EMBED_SWIFT_STANDARD_LIBRARIES = YES;
				CODE_SIGN_STYLE = Automatic;
				CURRENT_PROJECT_VERSION = 1;
				GENERATE_INFOPLIST_FILE = YES;
				MARKETING_VERSION = 1.0;
				PRODUCT_BUNDLE_IDENTIFIER = jp.invitro.SchriftsetzerUITests;
				PRODUCT_NAME = "$(TARGET_NAME)";
				SWIFT_EMIT_LOC_STRINGS = NO;
				SWIFT_VERSION = 5.0;
				TEST_TARGET_NAME = Schriftsetzer;
			};
			name = Release;
		};
/* End XCBuildConfiguration section */

/* Begin XCConfigurationList section */
		E7BC412F291970370099C2D1 /* Build configuration list for PBXProject "Schriftsetzer" */ = {
			isa = XCConfigurationList;
			buildConfigurations = (
				E7BC4157291970390099C2D1 /* Debug */,
				E7BC4158291970390099C2D1 /* Release */,
			);
			defaultConfigurationIsVisible = 0;
			defaultConfigurationName = Release;
		};
		E7BC4159291970390099C2D1 /* Build configuration list for PBXNativeTarget "Schriftsetzer" */ = {
			isa = XCConfigurationList;
			buildConfigurations = (
				E7BC415A291970390099C2D1 /* Debug */,
				E7BC415B291970390099C2D1 /* Release */,
			);
			defaultConfigurationIsVisible = 0;
			defaultConfigurationName = Release;
		};
		E7BC415C291970390099C2D1 /* Build configuration list for PBXNativeTarget "SchriftsetzerTests" */ = {
			isa = XCConfigurationList;
			buildConfigurations = (
				E7BC415D291970390099C2D1 /* Debug */,
				E7BC415E291970390099C2D1 /* Release */,
			);
			defaultConfigurationIsVisible = 0;
			defaultConfigurationName = Release;
		};
		E7BC415F291970390099C2D1 /* Build configuration list for PBXNativeTarget "SchriftsetzerUITests" */ = {
			isa = XCConfigurationList;
			buildConfigurations = (
				E7BC4160291970390099C2D1 /* Debug */,
				E7BC4161291970390099C2D1 /* Release */,
			);
			defaultConfigurationIsVisible = 0;
			defaultConfigurationName = Release;
		};
/* End XCConfigurationList section */
	};
	rootObject = E7BC412C291970370099C2D1 /* Project object */;
}
